
Microsoft Visual Studio Solution File, Format Version 12.00
# Visual Studio Version 17
VisualStudioVersion = 17.5.002.0
MinimumVisualStudioVersion = 10.0.40219.1
Project("{9A19103F-16F7-4668-BE54-9A1E7A4F7556}") = "TestHTTPS", "TestHTTPS\TestHTTPS.csproj", "{9BF94827-1867-40F4-943E-EC1EBDCFA6E7}"
EndProject
Global
	GlobalSection(SolutionConfigurationPlatforms) = preSolution
		Debug|Any CPU = Debug|Any CPU
		Release|Any CPU = Release|Any CPU
	EndGlobalSection
	GlobalSection(ProjectConfigurationPlatforms) = postSolution
		{9BF94827-1867-40F4-943E-EC1EBDCFA6E7}.Debug|Any CPU.ActiveCfg = Debug|Any CPU
		{9BF94827-1867-40F4-943E-EC1EBDCFA6E7}.Debug|Any CPU.Build.0 = Debug|Any CPU
		{9BF94827-1867-40F4-943E-EC1EBDCFA6E7}.Release|Any CPU.ActiveCfg = Release|Any CPU
		{9BF94827-1867-40F4-943E-EC1EBDCFA6E7}.Release|Any CPU.Build.0 = Release|Any CPU
	EndGlobalSection
	GlobalSection(SolutionProperties) = preSolution
		HideSolutionNode = FALSE
	EndGlobalSection
	GlobalSection(ExtensibilityGlobals) = postSolution
		SolutionGuid = {87E7BA86-E5F9-4985-ABC9-9677FBCE2436}
	EndGlobalSection
EndGlobal
